{
	"archiveVersion": "1",
	"classes": {},
	"objectVersion": "46",
	"objects": {
		"19C28FACFE9D520D11CA2CBB": {
			"children": [
				"1D6058910D05DD3D006BFB54"
			],
			"isa": "PBXGroup",
			"name": "Products",
			"sourceTree": "<group>"
		},
		"1D30AB110D05D00D00671497": {
			"isa": "PBXFileReference",
			"lastKnownFileType": "wrapper.framework",
			"name": "Foundation.framework",
			"path": "System/Library/Frameworks/Foundation.framework",
			"sourceTree": "SDKROOT"
		},
		"1D60588D0D05DD3D006BFB54": {
			"buildActionMask": "2147483647",
			"files": [
				"9936F6101BFA4DEE00891288",
				"9936F6121BFA65F100891288"
			],
			"isa": "PBXResourcesBuildPhase",
			"runOnlyForDeploymentPostprocessing": "0"
		},
		"1D60588E0D05DD3D006BFB54": {
			"buildActionMask": "2147483647",
			"files": [
				"E4D8936E11527B74007E1F53",
				"E4D8936F11527B74007E1F53",
				"{CF51EE0D-C68A-4DA4-8D10-D376E50AEE52}",
				"{8AB180A4-C932-4860-8A73-2ECAD25F9E12}",
				"{EF4534E9-BE27-4C26-BE92-FBE066B6A307}",
				"{41456540-36BF-43C6-9C4D-2EA4AE7F578A}",
				"{7714F04C-2AAD-41C0-AF8F-A4FD1A1EB7BD}",
				"{B1A1E586-0F99-4CC8-A5BD-FD3163BDBC8A}",
				"{78AFEFB2-3CFB-4181-AF87-FB5ACB5147CF}",
				"{429AC82E-20C7-462B-8594-C1669393345C}",
				"{4372F1DF-2B4A-4C47-AEC1-717E97991801}",
				"{ADEF5892-9ED1-4B69-94BA-30BD3CE8812C}",
				"{E3C4C47B-E142-4F26-A9B2-44FEA0D919F4}",
				"{A95A5ADE-41B1-4EC5-B541-3814E560A7B5}",
				"{10C9344F-F448-4D2C-85CC-7463955E76F9}",
				"{62371568-1C6B-415B-9DFF-269EE14D9B7F}",
				"{E1EDD8A8-930B-427B-AF30-0202D8E98BEF}",
				"{479BA275-1A6E-4631-9671-10D1CCBB090E}",
				"{2B423374-2ACE-4FD2-9EC0-757EA32ECAE7}",
				"{7CF6B136-627A-4A7B-A58A-A28D87F48879}",
				"{B6499216-3446-4770-A6F2-90C924768A76}",
				"{E359EB75-57D6-415B-A58D-5E70377277DF}"
			],
			"isa": "PBXSourcesBuildPhase",
			"runOnlyForDeploymentPostprocessing": "0"
		},
		"1D60588F0D05DD3D006BFB54": {
			"buildActionMask": "2147483647",
			"files": [
				"9969E7561C782C4500DEF0F6",
				"901808C12053638E004A7774",
				"1D60589F0D05DD5A006BFB54",
				"1DF5F4E00D08C38300B7A737",
				"288765FD0DF74451002DB57D",
				"BB16EBD20F2B2A9500518274",
				"BB16EBD90F2B2AB500518274",
				"BBE5EAB80F49AD8400F28951",
				"53F323EB10A20EDB00E0DAE4",
				"5326AEA810A23A0500278DE6",
				"E41D400B13B39D2100A75A5D",
				"E41D400C13B39D2100A75A5D",
				"E41D400D13B39D2100A75A5D",
				"E41D400E13B39D2100A75A5D",
				"67DFA53619F92A69003B3434"
			],
			"isa": "PBXFrameworksBuildPhase",
			"runOnlyForDeploymentPostprocessing": "0"
		},
		"1D6058900D05DD3D006BFB54": {
			"buildConfigurationList": "1D6058960D05DD3E006BFB54",
			"buildPhases": [
				"1D60588D0D05DD3D006BFB54",
				"1D60588E0D05DD3D006BFB54",
				"1D60588F0D05DD3D006BFB54",
				"9255DD331112741900D6945E"
			],
			"buildRules": [],
			"dependencies": [
				"E41D410413B3A11300A75A5D"
			],
			"isa": "PBXNativeTarget",
			"name": "ofproj",
			"productName": "iPhone",
			"productReference": "1D6058910D05DD3D006BFB54",
			"productType": "com.apple.product-type.application"
		},
		"1D6058910D05DD3D006BFB54": {
			"explicitFileType": "wrapper.application",
			"includeInIndex": "0",
			"isa": "PBXFileReference",
			"path": "ofproj.app",
			"sourceTree": "BUILT_PRODUCTS_DIR"
		},
		"1D6058940D05DD3E006BFB54": {
			"buildSettings": {
				"ALWAYS_SEARCH_USER_PATHS": "NO",
				"ASSETCATALOG_COMPILER_APPICON_NAME": "AppIcon",
				"ASSETCATALOG_COMPILER_LAUNCHIMAGE_NAME": "",
				"FRAMEWORK_SEARCH_PATHS": [
					"$(inherited)",
					"$(PROJECT_DIR)",
					"builder/ofxSyphon/libs/Syphon/lib/osx",
					"/Applications/Xcode.app/Contents/Developer/Platforms/iPhoneOS.platform/Developer/SDKs/iPhoneOS.sdk/System/Library/Frameworks"
				],
				"GCC_PRECOMPILE_PREFIX_HEADER": "YES",
				"GCC_PREFIX_HEADER": "ofxiOS_Prefix.pch",
				"GCC_WARN_64_TO_32_BIT_CONVERSION[arch=*64]": "NO",
				"HEADER_SEARCH_PATHS": [
					"$(OF_CORE_HEADERS)",
					"src",
					"src",
					"builder/ofxSyphon/libs",
					"builder/ofxSyphon/src",
					"builder/ofxMidi/libs",
					"builder/ofxMidi/libs/pgmidi",
					"builder/ofxMidi/libs/rtmidi",
					"builder/ofxMidi/src",
					"builder/ofxMidi/src/desktop",
					"builder/ofxMidi/src/ios",
					"../../../../Volumes/tool/ofw/addons/ofxMicroUI/src",
					"builder/ofxMicroUIMidiController/src"
				],
				"INFOPLIST_FILE": "ofxiOS-Info.plist",
				"OTHER_LDFLAGS": [
					"$(OF_CORE_LIBS)",
					"$(OF_CORE_FRAMEWORKS)"
				],
				"PRODUCT_NAME": "${TARGET_NAME}",
				"TARGETED_DEVICE_FAMILY": "1,2",
				"VALID_ARCHS": "$(ARCHS_STANDARD)"
			},
			"isa": "XCBuildConfiguration",
			"name": "Debug"
		},
		"1D6058950D05DD3E006BFB54": {
			"buildSettings": {
				"ASSETCATALOG_COMPILER_APPICON_NAME": "AppIcon",
				"ASSETCATALOG_COMPILER_LAUNCHIMAGE_NAME": "",
				"FRAMEWORK_SEARCH_PATHS": [
					"$(inherited)",
					"$(PROJECT_DIR)",
					"builder/ofxSyphon/libs/Syphon/lib/osx",
					"/Applications/Xcode.app/Contents/Developer/Platforms/iPhoneOS.platform/Developer/SDKs/iPhoneOS.sdk/System/Library/Frameworks"
				],
				"GCC_PRECOMPILE_PREFIX_HEADER": "YES",
				"GCC_PREFIX_HEADER": "ofxiOS_Prefix.pch",
				"GCC_WARN_64_TO_32_BIT_CONVERSION[arch=*64]": "NO",
				"HEADER_SEARCH_PATHS": [
					"$(OF_CORE_HEADERS)",
					"src",
					"src",
					"builder/ofxSyphon/libs",
					"builder/ofxSyphon/src",
					"builder/ofxMidi/libs",
					"builder/ofxMidi/libs/pgmidi",
					"builder/ofxMidi/libs/rtmidi",
					"builder/ofxMidi/src",
					"builder/ofxMidi/src/desktop",
					"builder/ofxMidi/src/ios",
					"../../../../Volumes/tool/ofw/addons/ofxMicroUI/src",
					"builder/ofxMicroUIMidiController/src"
				],
				"INFOPLIST_FILE": "ofxiOS-Info.plist",
				"OTHER_LDFLAGS": [
					"$(OF_CORE_LIBS)",
					"$(OF_CORE_FRAMEWORKS)"
				],
				"PRODUCT_NAME": "${TARGET_NAME}",
				"TARGETED_DEVICE_FAMILY": "1,2",
				"VALID_ARCHS": "$(ARCHS_STANDARD)"
			},
			"isa": "XCBuildConfiguration",
			"name": "Release"
		},
		"1D6058960D05DD3E006BFB54": {
			"buildConfigurations": [
				"1D6058940D05DD3E006BFB54",
				"1D6058950D05DD3E006BFB54"
			],
			"defaultConfigurationIsVisible": "0",
			"defaultConfigurationName": "Release",
			"isa": "XCConfigurationList"
		},
		"1D60589F0D05DD5A006BFB54": {
			"fileRef": "1D30AB110D05D00D00671497",
			"isa": "PBXBuildFile"
		},
		"1DF5F4DF0D08C38300B7A737": {
			"isa": "PBXFileReference",
			"lastKnownFileType": "wrapper.framework",
			"name": "UIKit.framework",
			"path": "System/Library/Frameworks/UIKit.framework",
			"sourceTree": "SDKROOT"
		},
		"1DF5F4E00D08C38300B7A737": {
			"fileRef": "1DF5F4DF0D08C38300B7A737",
			"isa": "PBXBuildFile"
		},
		"288765FC0DF74451002DB57D": {
			"isa": "PBXFileReference",
			"lastKnownFileType": "wrapper.framework",
			"name": "CoreGraphics.framework",
			"path": "System/Library/Frameworks/CoreGraphics.framework",
			"sourceTree": "SDKROOT"
		},
		"288765FD0DF74451002DB57D": {
			"fileRef": "288765FC0DF74451002DB57D",
			"isa": "PBXBuildFile"
		},
		"29B97313FDCFA39411CA2CEA": {
			"attributes": {
				"LastUpgradeCheck": "0600"
			},
			"buildConfigurationList": "C01FCF4E08A954540054247B",
			"compatibilityVersion": "Xcode 3.2",
			"developmentRegion": "en",
			"hasScannedForEncodings": "1",
			"isa": "PBXProject",
			"knownRegions": [
				"en",
				"Base"
			],
			"mainGroup": "29B97314FDCFA39411CA2CEA",
			"projectDirPath": "",
			"projectReferences": [
				{
					"ProductGroup": "E41D40FE13B3A0D800A75A5D",
					"ProjectRef": "E41D40FD13B3A0D800A75A5D"
				}
			],
			"projectRoot": "",
			"targets": [
				"1D6058900D05DD3D006BFB54"
			]
		},
		"29B97314FDCFA39411CA2CEA": {
			"children": [
				"9936F60E1BFA4DEE00891288",
				"E4D8936A11527B74007E1F53",
				"BB24E1F710DAA51900E9C588",
				"BB16F26B0F2B646B00518274",
				"BB16E9930F2B1E5900518274",
				"19C28FACFE9D520D11CA2CBB",
				"901808C02053638E004A7774",
				"{4D778C20-F7B2-49E7-AD4C-0E7DF4EE8F32}",
				"{44B404A5-E5A5-40D8-BF78-4F45D9FB7C2E}"
			],
			"isa": "PBXGroup",
			"name": "CustomTemplate",
			"sourceTree": "<group>"
		},
		"29B97323FDCFA39411CA2CEA": {
			"children": [
				"67DFA53419F92A5E003B3434",
				"901808BF2053636F004A7774",
				"BBE5EAB70F49AD8400F28951",
				"E41D400613B39D2100A75A5D",
				"E4A823A312561BE3002F86A2",
				"5326AEA710A23A0500278DE6",
				"E41D400713B39D2100A75A5D",
				"9969E7551C782C4500DEF0F6",
				"E41D400813B39D2100A75A5D",
				"1D30AB110D05D00D00671497",
				"E41D400913B39D2100A75A5D",
				"53F323EA10A20EDB00E0DAE4",
				"BB16EBD10F2B2A9500518274",
				"BB16EBD80F2B2AB500518274",
				"1DF5F4DF0D08C38300B7A737",
				"288765FC0DF74451002DB57D"
			],
			"isa": "PBXGroup",
			"name": "core frameworks",
			"sourceTree": "<group>"
		},
		"32CA4F630368D1EE00C91783": {
			"fileEncoding": "4",
			"isa": "PBXFileReference",
			"lastKnownFileType": "sourcecode.c.h",
			"path": "ofxiOS_Prefix.pch",
			"sourceTree": "<group>"
		},
		"5326AEA710A23A0500278DE6": {
			"isa": "PBXFileReference",
			"lastKnownFileType": "wrapper.framework",
			"name": "CoreLocation.framework",
			"path": "System/Library/Frameworks/CoreLocation.framework",
			"sourceTree": "SDKROOT"
		},
		"5326AEA810A23A0500278DE6": {
			"fileRef": "5326AEA710A23A0500278DE6",
			"isa": "PBXBuildFile"
		},
		"53F323EA10A20EDB00E0DAE4": {
			"isa": "PBXFileReference",
			"lastKnownFileType": "wrapper.framework",
			"name": "OpenAL.framework",
			"path": "System/Library/Frameworks/OpenAL.framework",
			"sourceTree": "SDKROOT"
		},
		"53F323EB10A20EDB00E0DAE4": {
			"fileRef": "53F323EA10A20EDB00E0DAE4",
			"isa": "PBXBuildFile"
		},
		"67DFA53419F92A5E003B3434": {
			"isa": "PBXFileReference",
			"lastKnownFileType": "wrapper.framework",
			"name": "Accelerate.framework",
			"path": "System/Library/Frameworks/Accelerate.framework",
			"sourceTree": "SDKROOT"
		},
		"67DFA53619F92A69003B3434": {
			"fileRef": "67DFA53419F92A5E003B3434",
			"isa": "PBXBuildFile"
		},
		"6948EE371B920CB800B5AC1A": {
			"children": [],
			"isa": "PBXGroup",
			"name": "local_addons",
			"sourceTree": "<group>"
		},
		"901808BF2053636F004A7774": {
			"isa": "PBXFileReference",
			"lastKnownFileType": "wrapper.framework",
			"name": "GLKit.framework",
			"path": "System/Library/Frameworks/GLKit.framework",
			"sourceTree": "SDKROOT"
		},
		"901808C02053638E004A7774": {
			"children": [],
			"isa": "PBXGroup",
			"name": "Frameworks",
			"sourceTree": "<group>"
		},
		"901808C12053638E004A7774": {
			"fileRef": "901808BF2053636F004A7774",
			"isa": "PBXBuildFile"
		},
		"9255DD331112741900D6945E": {
			"buildActionMask": "2147483647",
			"files": [],
			"inputPaths": [],
			"isa": "PBXShellScriptBuildPhase",
			"outputPaths": [],
			"runOnlyForDeploymentPostprocessing": "0",
			"shellPath": "/bin/sh",
			"shellScript": "rsync -avz --exclude='.DS_Store' \"${SRCROOT}/bin/data/\" \"${TARGET_BUILD_DIR}/${UNLOCALIZED_RESOURCES_FOLDER_PATH}\"\n"
		},
		"9936F60E1BFA4DEE00891288": {
			"children": [
				"9936F6111BFA65F100891288",
				"9936F60F1BFA4DEE00891288"
			],
			"isa": "PBXGroup",
			"path": "mediaAssets",
			"sourceTree": "<group>"
		},
		"9936F60F1BFA4DEE00891288": {
			"isa": "PBXFileReference",
			"lastKnownFileType": "folder.assetcatalog",
			"path": "Images.xcassets",
			"sourceTree": "<group>"
		},
		"9936F6101BFA4DEE00891288": {
			"fileRef": "9936F60F1BFA4DEE00891288",
			"isa": "PBXBuildFile"
		},
		"9936F6111BFA65F100891288": {
			"fileEncoding": "4",
			"isa": "PBXFileReference",
			"lastKnownFileType": "file.storyboard",
			"path": "LaunchScreen.storyboard",
			"sourceTree": "<group>"
		},
		"9936F6121BFA65F100891288": {
			"fileRef": "9936F6111BFA65F100891288",
			"isa": "PBXBuildFile"
		},
		"9969E7551C782C4500DEF0F6": {
			"isa": "PBXFileReference",
			"lastKnownFileType": "wrapper.framework",
			"name": "CoreMotion.framework",
			"path": "System/Library/Frameworks/CoreMotion.framework",
			"sourceTree": "SDKROOT"
		},
		"9969E7561C782C4500DEF0F6": {
			"fileRef": "9969E7551C782C4500DEF0F6",
			"isa": "PBXBuildFile"
		},
		"BB16E9930F2B1E5900518274": {
			"children": [
				"BBE5E94E0F497BD800F28951"
			],
			"isa": "PBXGroup",
			"name": "libs",
			"sourceTree": "<group>"
		},
		"BB16EBD10F2B2A9500518274": {
			"isa": "PBXFileReference",
			"lastKnownFileType": "wrapper.framework",
			"name": "OpenGLES.framework",
			"path": "System/Library/Frameworks/OpenGLES.framework",
			"sourceTree": "SDKROOT"
		},
		"BB16EBD20F2B2A9500518274": {
			"fileRef": "BB16EBD10F2B2A9500518274",
			"isa": "PBXBuildFile"
		},
		"BB16EBD80F2B2AB500518274": {
			"isa": "PBXFileReference",
			"lastKnownFileType": "wrapper.framework",
			"name": "QuartzCore.framework",
			"path": "System/Library/Frameworks/QuartzCore.framework",
			"sourceTree": "SDKROOT"
		},
		"BB16EBD90F2B2AB500518274": {
			"fileRef": "BB16EBD80F2B2AB500518274",
			"isa": "PBXBuildFile"
		},
		"BB16F26B0F2B646B00518274": {
			"children": [
				"{CA8E4E88-D3E3-4504-85B8-28085D30DBBA}",
				"{500E371C-1233-49E6-B3EF-B61D5496556F}"
			],
			"isa": "PBXGroup",
			"name": "addons",
			"sourceTree": "<group>"
		},
		"BB24DDC910DA781C00E9C588": {
			"fileEncoding": "4",
			"isa": "PBXFileReference",
			"lastKnownFileType": "text.plist.xml",
			"path": "ofxiOS-Info.plist",
			"sourceTree": "<group>"
		},
		"BB24E1F710DAA51900E9C588": {
			"children": [
				"E41D40FD13B3A0D800A75A5D",
				"32CA4F630368D1EE00C91783",
				"BB24DDC910DA781C00E9C588",
				"E41D3EE513B3906D00A75A5D",
				"6948EE371B920CB800B5AC1A",
				"E41D3ED613B38FB500A75A5D"
			],
			"isa": "PBXGroup",
			"name": "openFrameworks",
			"sourceTree": "<group>"
		},
		"BBE5E94E0F497BD800F28951": {
			"children": [
				"29B97323FDCFA39411CA2CEA"
			],
			"isa": "PBXGroup",
			"name": "core",
			"sourceTree": "<group>"
		},
		"BBE5EAB70F49AD8400F28951": {
			"isa": "PBXFileReference",
			"lastKnownFileType": "wrapper.framework",
			"name": "AudioToolbox.framework",
			"path": "System/Library/Frameworks/AudioToolbox.framework",
			"sourceTree": "SDKROOT"
		},
		"BBE5EAB80F49AD8400F28951": {
			"fileRef": "BBE5EAB70F49AD8400F28951",
			"isa": "PBXBuildFile"
		},
		"C01FCF4E08A954540054247B": {
			"buildConfigurations": [
				"C01FCF4F08A954540054247B",
				"C01FCF5008A954540054247B"
			],
			"defaultConfigurationIsVisible": "0",
			"defaultConfigurationName": "Release",
			"isa": "XCConfigurationList"
		},
		"C01FCF4F08A954540054247B": {
			"baseConfigurationReference": "E41D3ED613B38FB500A75A5D",
			"buildSettings": {
				"ALWAYS_SEARCH_USER_PATHS": "YES",
				"CLANG_CXX_LIBRARY": "libc++",
				"CODE_SIGN_IDENTITY": "",
				"CODE_SIGN_IDENTITY[sdk=iphoneos*]": "iPhone Developer",
				"CODE_SIGN_IDENTITY[sdk=iphonesimulator*]": "",
				"COMPRESS_PNG_FILES": "NO",
				"GCC_C_LANGUAGE_STANDARD": "c11",
				"GCC_OPTIMIZATION_LEVEL": "0",
				"GCC_SYMBOLS_PRIVATE_EXTERN": "NO",
				"GCC_WARN_64_TO_32_BIT_CONVERSION[arch=*64]": "NO",
				"GCC_WARN_ABOUT_INVALID_OFFSETOF_MACRO": "NO",
				"GCC_WARN_ABOUT_POINTER_SIGNEDNESS": "NO",
				"GCC_WARN_ABOUT_RETURN_TYPE": "YES",
				"GCC_WARN_ALLOW_INCOMPLETE_PROTOCOL": "NO",
				"GCC_WARN_PROTOTYPE_CONVERSION": "NO",
				"GCC_WARN_UNUSED_VARIABLE": "YES",
				"HEADER_SEARCH_PATHS": [
					"src",
					"builder/ofxSyphon/libs",
					"builder/ofxSyphon/src",
					"builder/ofxMidi/libs",
					"builder/ofxMidi/libs/pgmidi",
					"builder/ofxMidi/libs/rtmidi",
					"builder/ofxMidi/src",
					"builder/ofxMidi/src/desktop",
					"builder/ofxMidi/src/ios",
					"../../../../Volumes/tool/ofw/addons/ofxMicroUI/src",
					"builder/ofxMicroUIMidiController/src"
				],
				"ONLY_ACTIVE_ARCH": "YES",
				"PROVISIONING_PROFILE[sdk=iphoneos*]": "",
				"SDKROOT": "iphoneos",
				"TARGETED_DEVICE_FAMILY": "1",
				"VALID_ARCHS": "$(ARCHS_STANDARD)",
				"WARNING_LDFLAGS": "-no_arch_warnings"
			},
			"isa": "XCBuildConfiguration",
			"name": "Debug"
		},
		"C01FCF5008A954540054247B": {
			"baseConfigurationReference": "E41D3ED613B38FB500A75A5D",
			"buildSettings": {
				"ALWAYS_SEARCH_USER_PATHS": "YES",
				"CLANG_CXX_LIBRARY": "libc++",
				"CODE_SIGN_IDENTITY": "",
				"CODE_SIGN_IDENTITY[sdk=iphoneos*]": "iPhone Developer",
				"CODE_SIGN_IDENTITY[sdk=iphonesimulator*]": "",
				"COMPRESS_PNG_FILES": "NO",
				"GCC_C_LANGUAGE_STANDARD": "c11",
				"GCC_DYNAMIC_NO_PIC": "NO",
				"GCC_GENERATE_DEBUGGING_SYMBOLS": "NO",
				"GCC_OPTIMIZATION_LEVEL": "s",
				"GCC_SYMBOLS_PRIVATE_EXTERN": "NO",
				"GCC_THUMB_SUPPORT": "NO",
				"GCC_WARN_64_TO_32_BIT_CONVERSION[arch=*64]": "NO",
				"GCC_WARN_ABOUT_RETURN_TYPE": "YES",
				"GCC_WARN_UNUSED_VARIABLE": "YES",
				"HEADER_SEARCH_PATHS": [
					"src",
					"builder/ofxSyphon/libs",
					"builder/ofxSyphon/src",
					"builder/ofxMidi/libs",
					"builder/ofxMidi/libs/pgmidi",
					"builder/ofxMidi/libs/rtmidi",
					"builder/ofxMidi/src",
					"builder/ofxMidi/src/desktop",
					"builder/ofxMidi/src/ios",
					"../../../../Volumes/tool/ofw/addons/ofxMicroUI/src",
					"builder/ofxMicroUIMidiController/src"
				],
				"ONLY_ACTIVE_ARCH": "NO",
				"SDKROOT": "iphoneos",
				"TARGETED_DEVICE_FAMILY": "1",
				"VALID_ARCHS": "$(ARCHS_STANDARD)",
				"WARNING_LDFLAGS": "-no_arch_warnings"
			},
			"isa": "XCBuildConfiguration",
			"name": "Release"
		},
		"E41D3ED613B38FB500A75A5D": {
			"fileEncoding": "4",
			"isa": "PBXFileReference",
			"lastKnownFileType": "text.xcconfig",
			"path": "Project.xcconfig",
			"sourceTree": "<group>"
		},
		"E41D3EE513B3906D00A75A5D": {
			"fileEncoding": "4",
			"isa": "PBXFileReference",
			"lastKnownFileType": "text.xcconfig",
			"name": "CoreOF.xcconfig",
			"path": "/Volumes/tool/ofw/libs/openFrameworksCompiled/project/ios/CoreOF.xcconfig",
			"sourceTree": "SOURCE_ROOT"
		},
		"E41D400613B39D2100A75A5D": {
			"isa": "PBXFileReference",
			"lastKnownFileType": "wrapper.framework",
			"name": "AVFoundation.framework",
			"path": "System/Library/Frameworks/AVFoundation.framework",
			"sourceTree": "SDKROOT"
		},
		"E41D400713B39D2100A75A5D": {
			"isa": "PBXFileReference",
			"lastKnownFileType": "wrapper.framework",
			"name": "CoreMedia.framework",
			"path": "System/Library/Frameworks/CoreMedia.framework",
			"sourceTree": "SDKROOT"
		},
		"E41D400813B39D2100A75A5D": {
			"isa": "PBXFileReference",
			"lastKnownFileType": "wrapper.framework",
			"name": "CoreVideo.framework",
			"path": "System/Library/Frameworks/CoreVideo.framework",
			"sourceTree": "SDKROOT"
		},
		"E41D400913B39D2100A75A5D": {
			"isa": "PBXFileReference",
			"lastKnownFileType": "wrapper.framework",
			"name": "MapKit.framework",
			"path": "System/Library/Frameworks/MapKit.framework",
			"sourceTree": "SDKROOT"
		},
		"E41D400B13B39D2100A75A5D": {
			"fileRef": "E41D400613B39D2100A75A5D",
			"isa": "PBXBuildFile"
		},
		"E41D400C13B39D2100A75A5D": {
			"fileRef": "E41D400713B39D2100A75A5D",
			"isa": "PBXBuildFile"
		},
		"E41D400D13B39D2100A75A5D": {
			"fileRef": "E41D400813B39D2100A75A5D",
			"isa": "PBXBuildFile"
		},
		"E41D400E13B39D2100A75A5D": {
			"fileRef": "E41D400913B39D2100A75A5D",
			"isa": "PBXBuildFile"
		},
		"E41D40FD13B3A0D800A75A5D": {
			"isa": "PBXFileReference",
			"lastKnownFileType": "wrapper.pb-project",
			"name": "iOS+OFLib.xcodeproj",
			"path": "/Volumes/tool/ofw/libs/openFrameworksCompiled/project/ios/iOS+OFLib.xcodeproj",
			"sourceTree": "SOURCE_ROOT"
		},
		"E41D40FE13B3A0D800A75A5D": {
			"children": [
				"E41D410213B3A0D800A75A5D"
			],
			"isa": "PBXGroup",
			"name": "Products",
			"sourceTree": "<group>"
		},
		"E41D410113B3A0D800A75A5D": {
			"containerPortal": "E41D40FD13B3A0D800A75A5D",
			"isa": "PBXContainerItemProxy",
			"proxyType": "2",
			"remoteGlobalIDString": "BB24DED610DA7A3F00E9C588",
			"remoteInfo": "iPhone+OF Static Library"
		},
		"E41D410213B3A0D800A75A5D": {
			"fileType": "archive.ar",
			"isa": "PBXReferenceProxy",
			"path": "libofxiOS_iphoneos_Debug.a",
			"remoteRef": "E41D410113B3A0D800A75A5D",
			"sourceTree": "BUILT_PRODUCTS_DIR"
		},
		"E41D410313B3A11300A75A5D": {
			"containerPortal": "E41D40FD13B3A0D800A75A5D",
			"isa": "PBXContainerItemProxy",
			"proxyType": "1",
			"remoteGlobalIDString": "BB24DE5C10DA7A3F00E9C588",
			"remoteInfo": "iPhone+OF Static Library"
		},
		"E41D410413B3A11300A75A5D": {
			"isa": "PBXTargetDependency",
			"name": "iPhone+OF Static Library",
			"targetProxy": "E41D410313B3A11300A75A5D"
		},
		"E4A823A312561BE3002F86A2": {
			"isa": "PBXFileReference",
			"lastKnownFileType": "wrapper.framework",
			"name": "CoreGraphics.framework",
			"path": "System/Library/Frameworks/CoreGraphics.framework",
			"sourceTree": "SDKROOT"
		},
		"E4D8936A11527B74007E1F53": {
			"children": [
				"E4D8936B11527B74007E1F53",
				"E4D8936D11527B74007E1F53",
				"E4D8936C11527B74007E1F53"
			],
			"isa": "PBXGroup",
			"path": "src",
			"sourceTree": "SOURCE_ROOT"
		},
		"E4D8936B11527B74007E1F53": {
			"fileEncoding": "4",
			"isa": "PBXFileReference",
			"lastKnownFileType": "sourcecode.cpp.objcpp",
			"name": "main.mm",
			"path": "src/main.mm",
			"sourceTree": "SOURCE_ROOT"
		},
		"E4D8936C11527B74007E1F53": {
			"fileEncoding": "4",
			"isa": "PBXFileReference",
			"lastKnownFileType": "sourcecode.c.h",
			"name": "ofApp.h",
			"path": "src/ofApp.h",
			"sourceTree": "SOURCE_ROOT"
		},
		"E4D8936D11527B74007E1F53": {
			"fileEncoding": "4",
			"isa": "PBXFileReference",
			"lastKnownFileType": "sourcecode.cpp.objcpp",
			"name": "ofApp.mm",
			"path": "src/ofApp.mm",
			"sourceTree": "SOURCE_ROOT"
		},
		"E4D8936E11527B74007E1F53": {
			"fileRef": "E4D8936B11527B74007E1F53",
			"isa": "PBXBuildFile"
		},
		"E4D8936F11527B74007E1F53": {
			"fileRef": "E4D8936D11527B74007E1F53",
			"isa": "PBXBuildFile"
		},
		"{0B276CCC-CB5A-4A2B-93EC-7A537FE4C80E}": {
			"explicitFileType": "sourcecode.cpp.cpp",
			"fileEncoding": "4",
			"isa": "PBXFileReference",
			"name": "ofxMidiIn.cpp",
			"path": "builder/ofxMidi/src/ofxMidiIn.cpp",
			"sourceTree": "SOURCE_ROOT"
		},
		"{0BC96878-9FC9-47DB-A6EC-0AFFCE9630B7}": {
			"explicitFileType": "sourcecode.cpp.objcpp",
			"fileEncoding": "4",
			"isa": "PBXFileReference",
			"name": "PGMidiFind.mm",
			"path": "builder/ofxMidi/libs/pgmidi/PGMidiFind.mm",
			"sourceTree": "SOURCE_ROOT"
		},
		"{0CD0551E-1DD9-48A7-A57E-DFE0792643EE}": {
			"children": [
				"{4CF55BE7-07C9-40F2-BCB0-32E6DC8A502E}"
			],
			"isa": "PBXGroup",
			"name": "frameworks",
			"sourceTree": "SOURCE_ROOT"
		},
		"{0CF90D4F-2264-460A-BEE8-CB15B8AD5DE8}": {
			"fileRef": "{57C57937-2D40-48DA-A3BB-1AFE5E1EC961}",
			"isa": "PBXBuildFile",
			"settings": {
				"ATTRIBUTES": [
					"CodeSignOnCopy"
				]
			}
		},
		"{0F77D470-F3EE-403F-90A5-E8164A30AE01}": {
			"children": [
				"{CF61F712-5BDE-4187-8161-8784C52B8070}"
			],
			"isa": "PBXGroup",
			"name": "libs",
			"path": "/Volumes/tool/ofw/Users/z/src/ofproj/builder/ofxMidi/libs",
			"sourceTree": "SOURCE_ROOT"
		},
		"{10C9344F-F448-4D2C-85CC-7463955E76F9}": {
			"fileRef": "{59ACC4EE-99D5-43B4-8228-9E51C431A578}",
			"isa": "PBXBuildFile"
		},
		"{11BB41FF-B97D-4F36-B4AF-11AED19C736D}": {
			"children": [
				"{67ED1D31-E1D2-48F2-A835-72A633F82EFC}"
			],
			"isa": "PBXGroup",
			"name": "ofxMicroUIMidiController",
			"path": "/Volumes/tool/ofw/Users/z/src/ofproj/builder/ofxMicroUIMidiController",
			"sourceTree": "SOURCE_ROOT"
		},
		"{130E17E4-E5D1-4D7F-8EF1-0CB2D49C35CE}": {
			"explicitFileType": "sourcecode.c.h",
			"fileEncoding": "4",
			"isa": "PBXFileReference",
			"name": "tiffFastWriter.h",
			"path": "../../../../Volumes/tool/ofw/addons/ofxMicroUI/src/tiffFastWriter.h",
			"sourceTree": "SOURCE_ROOT"
		},
		"{1378FB6B-FB8B-4BE9-95BB-AC995DEEAC90}": {
			"explicitFileType": "sourcecode.cpp.cpp",
			"fileEncoding": "4",
			"isa": "PBXFileReference",
			"name": "ofxBaseMidi.cpp",
			"path": "builder/ofxMidi/src/ofxBaseMidi.cpp",
			"sourceTree": "SOURCE_ROOT"
		},
		"{15B7C4ED-97B6-40A6-81A1-8CF27C26CCAE}": {
			"explicitFileType": "sourcecode.c.h",
			"fileEncoding": "4",
			"isa": "PBXFileReference",
			"name": "ofxMicroUIElements.h",
			"path": "../../../../Volumes/tool/ofw/addons/ofxMicroUI/src/ofxMicroUIElements.h",
			"sourceTree": "SOURCE_ROOT"
		},
		"{165138C5-45E4-41BE-AFD7-A99770B5EC32}": {
			"explicitFileType": "sourcecode.c.h",
			"fileEncoding": "4",
			"isa": "PBXFileReference",
			"name": "featureBpm.h",
			"path": "../../../../Volumes/tool/ofw/addons/ofxMicroUI/src/featureBpm.h",
			"sourceTree": "SOURCE_ROOT"
		},
		"{16DF3D39-3E76-4541-8772-3E6FB1B443F1}": {
			"explicitFileType": "sourcecode.c.h",
			"fileEncoding": "4",
			"isa": "PBXFileReference",
			"name": "ofxMicroUI.h",
			"path": "../../../../Volumes/tool/ofw/addons/ofxMicroUI/src/ofxMicroUI.h",
			"sourceTree": "SOURCE_ROOT"
		},
		"{17A08100-3800-4DD9-8728-B546E34BCF62}": {
			"children": [
				"{2289AE9D-ACDF-4E15-B73E-84BB3FFC28A6}"
			],
			"isa": "PBXGroup",
			"name": "src",
			"path": "/Volumes/tool/ofw/Users/z/src",
			"sourceTree": "SOURCE_ROOT"
		},
		"{1E751011-E2F9-4942-983B-B87D5BA0FD78}": {
			"explicitFileType": "sourcecode.cpp.objcpp",
			"fileEncoding": "4",
			"isa": "PBXFileReference",
			"name": "ofxPGMidiSourceDelegate.mm",
			"path": "builder/ofxMidi/src/ios/ofxPGMidiSourceDelegate.mm",
			"sourceTree": "SOURCE_ROOT"
		},
		"{216DFC29-C4F1-492F-A1C7-A99965F74FD7}": {
			"fileRef": "{4CF55BE7-07C9-40F2-BCB0-32E6DC8A502E}",
			"isa": "PBXBuildFile",
			"settings": {
				"ATTRIBUTES": [
					"CodeSignOnCopy"
				]
			}
		},
		"{2289AE9D-ACDF-4E15-B73E-84BB3FFC28A6}": {
			"children": [
				"{D98943EF-8AB5-4AE7-918B-246AB2BA8F6A}"
			],
			"isa": "PBXGroup",
			"name": "ofproj",
			"path": "/Volumes/tool/ofw/Users/z/src/ofproj",
			"sourceTree": "SOURCE_ROOT"
		},
		"{24E4895D-045D-43BF-86D5-7E5719D1B1DF}": {
			"explicitFileType": "sourcecode.cpp.cpp",
			"fileEncoding": "4",
			"isa": "PBXFileReference",
			"name": "ofxMidiOut.cpp",
			"path": "builder/ofxMidi/src/ofxMidiOut.cpp",
			"sourceTree": "SOURCE_ROOT"
		},
		"{26EBAD27-B234-4B7E-8A39-BCCAE0ED9D17}": {
			"children": [
				"{0F77D470-F3EE-403F-90A5-E8164A30AE01}",
				"{9B7CFED8-7D3C-4CDF-9C98-678CB95B9C8F}"
			],
			"isa": "PBXGroup",
			"name": "ofxMidi",
			"path": "/Volumes/tool/ofw/Users/z/src/ofproj/builder/ofxMidi",
			"sourceTree": "SOURCE_ROOT"
		},
		"{2A999EE0-2C94-447C-8FE0-AA085748E58F}": {
			"explicitFileType": "sourcecode.c.h",
			"fileEncoding": "4",
			"isa": "PBXFileReference",
			"name": "ofxMidiConstants.h",
			"path": "builder/ofxMidi/src/ofxMidiConstants.h",
			"sourceTree": "SOURCE_ROOT"
		},
		"{2B423374-2ACE-4FD2-9EC0-757EA32ECAE7}": {
			"fileRef": "{4F8A84A9-5350-42D0-80F7-5E4AF85B6740}",
			"isa": "PBXBuildFile"
		},
		"{34A5CC73-89E7-47A7-9E8B-7206390291EC}": {
			"explicitFileType": "sourcecode.cpp.cpp",
			"fileEncoding": "4",
			"isa": "PBXFileReference",
			"name": "ofxMicroUISoftware.cpp",
			"path": "../../../../Volumes/tool/ofw/addons/ofxMicroUI/src/ofxMicroUISoftware.cpp",
			"sourceTree": "SOURCE_ROOT"
		},
		"{35B3A38F-0207-4BD1-A403-C900183375E2}": {
			"explicitFileType": "sourcecode.c.h",
			"fileEncoding": "4",
			"isa": "PBXFileReference",
			"name": "ofxMicroUISettings.h",
			"path": "../../../../Volumes/tool/ofw/addons/ofxMicroUI/src/ofxMicroUISettings.h",
			"sourceTree": "SOURCE_ROOT"
		},
		"{400931F7-A1A6-49CF-B83B-ED120E9F25C4}": {
			"children": [
				"{17A08100-3800-4DD9-8728-B546E34BCF62}"
			],
			"isa": "PBXGroup",
			"name": "z",
			"path": "/Volumes/tool/ofw/Users/z",
			"sourceTree": "SOURCE_ROOT"
		},
		"{402DDF55-951E-412C-9448-53F41BCA0790}": {
			"explicitFileType": "sourcecode.cpp.objcpp",
			"fileEncoding": "4",
			"isa": "PBXFileReference",
			"name": "ofxPGMidiIn.mm",
			"path": "builder/ofxMidi/src/ios/ofxPGMidiIn.mm",
			"sourceTree": "SOURCE_ROOT"
		},
		"{41456540-36BF-43C6-9C4D-2EA4AE7F578A}": {
			"fileRef": "{F2C06325-369D-41F5-977D-E899BA122F3F}",
			"isa": "PBXBuildFile"
		},
		"{429AC82E-20C7-462B-8594-C1669393345C}": {
			"fileRef": "{1E751011-E2F9-4942-983B-B87D5BA0FD78}",
			"isa": "PBXBuildFile"
		},
		"{4372F1DF-2B4A-4C47-AEC1-717E97991801}": {
			"fileRef": "{1378FB6B-FB8B-4BE9-95BB-AC995DEEAC90}",
			"isa": "PBXBuildFile"
		},
		"{43CB2644-75A9-479D-8D8D-CE61CDF0E298}": {
			"explicitFileType": "sourcecode.cpp.cpp",
			"fileEncoding": "4",
			"isa": "PBXFileReference",
			"name": "ofxMidiClock.cpp",
			"path": "builder/ofxMidi/src/ofxMidiClock.cpp",
			"sourceTree": "SOURCE_ROOT"
		},
		"{44B404A5-E5A5-40D8-BF78-4F45D9FB7C2E}": {
			"children": [
				"{400931F7-A1A6-49CF-B83B-ED120E9F25C4}"
			],
			"isa": "PBXGroup",
			"name": "Users",
			"path": "/Volumes/tool/ofw/Users",
			"sourceTree": "SOURCE_ROOT"
		},
		"{479BA275-1A6E-4631-9671-10D1CCBB090E}": {
			"fileRef": "{C8CB9C05-E7FF-4405-9728-91D8DFC6DAEA}",
			"isa": "PBXBuildFile"
		},
		"{4CF55BE7-07C9-40F2-BCB0-32E6DC8A502E}": {
			"isa": "PBXFileReference",
			"lastKnownFileType": "wrapper.framework",
			"name": "CoreMIDI.framework",
			"path": "/Applications/Xcode.app/Contents/Developer/Platforms/iPhoneOS.platform/Developer/SDKs/iPhoneOS.sdk/System/Library/Frameworks/CoreMIDI.framework",
			"sourceTree": "<group>"
		},
		"{4D778C20-F7B2-49E7-AD4C-0E7DF4EE8F32}": {
			"children": [
				"{8B980252-97BD-4012-BC71-E146B8D18A02}"
			],
			"isa": "PBXGroup",
			"name": "local_addons",
			"sourceTree": "SOURCE_ROOT"
		},
		"{4E46DA3D-3154-4FB2-B460-AFC5E0E66232}": {
			"explicitFileType": "sourcecode.c.h",
			"fileEncoding": "4",
			"isa": "PBXFileReference",
			"name": "PGArc.h",
			"path": "builder/ofxMidi/libs/pgmidi/PGArc.h",
			"sourceTree": "SOURCE_ROOT"
		},
		"{4F8A84A9-5350-42D0-80F7-5E4AF85B6740}": {
			"explicitFileType": "sourcecode.cpp.cpp",
			"fileEncoding": "4",
			"isa": "PBXFileReference",
			"name": "ofxMicroUIElements.cpp",
			"path": "../../../../Volumes/tool/ofw/addons/ofxMicroUI/src/ofxMicroUIElements.cpp",
			"sourceTree": "SOURCE_ROOT"
		},
		"{500E371C-1233-49E6-B3EF-B61D5496556F}": {
			"children": [
				"{E3B8375C-1C6E-41B6-ACB2-20DFC94C858B}"
			],
			"isa": "PBXGroup",
			"name": "ofxMicroUI",
			"path": "/Volumes/tool/ofw/addons/ofxMicroUI",
			"sourceTree": "SOURCE_ROOT"
		},
		"{55AC1FFF-BC06-4B7E-9CFE-489ADD51FE41}": {
			"explicitFileType": "sourcecode.c.h",
			"fileEncoding": "4",
			"isa": "PBXFileReference",
			"name": "ofxPGMidiOut.h",
			"path": "builder/ofxMidi/src/ios/ofxPGMidiOut.h",
			"sourceTree": "SOURCE_ROOT"
		},
		"{57C57937-2D40-48DA-A3BB-1AFE5E1EC961}": {
			"isa": "PBXFileReference",
			"lastKnownFileType": "wrapper.framework",
			"name": "Syphon.framework",
			"path": "builder/ofxSyphon/libs/Syphon/lib/osx/Syphon.framework",
			"sourceTree": "<group>"
		},
		"{597E07C8-197D-4B88-A04E-2AA8DCE84B03}": {
			"explicitFileType": "sourcecode.cpp.objcpp",
			"fileEncoding": "4",
			"isa": "PBXFileReference",
			"name": "PGMidiAllSources.mm",
			"path": "builder/ofxMidi/libs/pgmidi/PGMidiAllSources.mm",
			"sourceTree": "SOURCE_ROOT"
		},
		"{59ACC4EE-99D5-43B4-8228-9E51C431A578}": {
			"explicitFileType": "sourcecode.cpp.cpp",
			"fileEncoding": "4",
			"isa": "PBXFileReference",
			"name": "ofxMidiMessage.cpp",
			"path": "builder/ofxMidi/src/ofxMidiMessage.cpp",
			"sourceTree": "SOURCE_ROOT"
		},
		"{5AB87691-4C65-4BF3-938B-E501BA1884B7}": {
			"explicitFileType": "sourcecode.c.h",
			"fileEncoding": "4",
			"isa": "PBXFileReference",
			"name": "ofxMidiOut.h",
			"path": "builder/ofxMidi/src/ofxMidiOut.h",
			"sourceTree": "SOURCE_ROOT"
		},
		"{62371568-1C6B-415B-9DFF-269EE14D9B7F}": {
			"fileRef": "{24E4895D-045D-43BF-86D5-7E5719D1B1DF}",
			"isa": "PBXBuildFile"
		},
		"{67ED1D31-E1D2-48F2-A835-72A633F82EFC}": {
			"children": [
				"{872DB04A-4A04-423C-9843-9657E2ACDF8F}",
				"{720D6AA0-8EBB-4F32-A9F5-42230E047B7C}"
			],
			"isa": "PBXGroup",
			"name": "src",
			"path": "/Volumes/tool/ofw/Users/z/src/ofproj/builder/ofxMicroUIMidiController/src",
			"sourceTree": "SOURCE_ROOT"
		},
		"{68AFF66D-09A8-47DA-AADA-D9A70F084094}": {
			"explicitFileType": "sourcecode.c.h",
			"fileEncoding": "4",
			"isa": "PBXFileReference",
			"name": "feature.h",
			"path": "../../../../Volumes/tool/ofw/addons/ofxMicroUI/src/feature.h",
			"sourceTree": "SOURCE_ROOT"
		},
		"{6FBFD260-29B9-467B-B975-2132F863DC91}": {
			"explicitFileType": "sourcecode.c.h",
			"fileEncoding": "4",
			"isa": "PBXFileReference",
			"name": "PGMidi.h",
			"path": "builder/ofxMidi/libs/pgmidi/PGMidi.h",
			"sourceTree": "SOURCE_ROOT"
		},
		"{708E0B77-C3BA-41B7-A4C6-6B825A60D260}": {
			"explicitFileType": "sourcecode.c.h",
			"fileEncoding": "4",
			"isa": "PBXFileReference",
			"name": "ofxMicroUISoftware.h",
			"path": "../../../../Volumes/tool/ofw/addons/ofxMicroUI/src/ofxMicroUISoftware.h",
			"sourceTree": "SOURCE_ROOT"
		},
		"{720D6AA0-8EBB-4F32-A9F5-42230E047B7C}": {
			"explicitFileType": "sourcecode.c.h",
			"fileEncoding": "4",
			"isa": "PBXFileReference",
			"name": "ofxMicroUIMidiController.h",
			"path": "builder/ofxMicroUIMidiController/src/ofxMicroUIMidiController.h",
			"sourceTree": "SOURCE_ROOT"
		},
		"{72686C90-A4F3-4745-8117-EAAB8AB51279}": {
			"explicitFileType": "sourcecode.c.h",
			"fileEncoding": "4",
			"isa": "PBXFileReference",
			"name": "ofxMidi.h",
			"path": "builder/ofxMidi/src/ofxMidi.h",
			"sourceTree": "SOURCE_ROOT"
		},
		"{7714F04C-2AAD-41C0-AF8F-A4FD1A1EB7BD}": {
			"fileRef": "{C18A42BA-7950-4029-92AB-39FAFE267491}",
			"isa": "PBXBuildFile"
		},
		"{78AFEFB2-3CFB-4181-AF87-FB5ACB5147CF}": {
			"fileRef": "{B5E14FDF-D914-429F-A498-B3BD70549383}",
			"isa": "PBXBuildFile"
		},
		"{7CF6B136-627A-4A7B-A58A-A28D87F48879}": {
			"fileRef": "{81791C3D-27D9-41ED-996F-A7901F2E5ABA}",
			"isa": "PBXBuildFile"
		},
		"{81791C3D-27D9-41ED-996F-A7901F2E5ABA}": {
			"explicitFileType": "sourcecode.cpp.cpp",
			"fileEncoding": "4",
			"isa": "PBXFileReference",
			"name": "ofxMicroUIParseText.cpp",
			"path": "../../../../Volumes/tool/ofw/addons/ofxMicroUI/src/ofxMicroUIParseText.cpp",
			"sourceTree": "SOURCE_ROOT"
		},
		"{83DA9C5C-9DA0-48D0-8343-FC9C10AE3ADE}": {
			"children": [
				"{57C57937-2D40-48DA-A3BB-1AFE5E1EC961}"
			],
			"isa": "PBXGroup",
			"name": "osx",
			"sourceTree": "SOURCE_ROOT"
		},
		"{846153A0-DE21-4BF3-AE6A-0960CACD15AF}": {
			"explicitFileType": "sourcecode.c.h",
			"fileEncoding": "4",
			"isa": "PBXFileReference",
			"name": "PGMidiFind.h",
			"path": "builder/ofxMidi/libs/pgmidi/PGMidiFind.h",
			"sourceTree": "SOURCE_ROOT"
		},
		"{8587D6B1-292E-4971-ACF9-013329EE05A5}": {
			"explicitFileType": "sourcecode.c.h",
			"fileEncoding": "4",
			"isa": "PBXFileReference",
			"name": "ofxPGMidiIn.h",
			"path": "builder/ofxMidi/src/ios/ofxPGMidiIn.h",
			"sourceTree": "SOURCE_ROOT"
		},
		"{872DB04A-4A04-423C-9843-9657E2ACDF8F}": {
			"explicitFileType": "sourcecode.cpp.cpp",
			"fileEncoding": "4",
			"isa": "PBXFileReference",
			"name": "ofxMicroUIMidiController.cpp",
			"path": "builder/ofxMicroUIMidiController/src/ofxMicroUIMidiController.cpp",
			"sourceTree": "SOURCE_ROOT"
		},
		"{8935005F-D46B-4937-8653-E90AC5BAFE83}": {
			"explicitFileType": "sourcecode.c.h",
			"fileEncoding": "4",
			"isa": "PBXFileReference",
			"name": "ofxMicroUIRemote.h",
			"path": "../../../../Volumes/tool/ofw/addons/ofxMicroUI/src/ofxMicroUIRemote.h",
			"sourceTree": "SOURCE_ROOT"
		},
		"{8AB180A4-C932-4860-8A73-2ECAD25F9E12}": {
			"fileRef": "{597E07C8-197D-4B88-A04E-2AA8DCE84B03}",
			"isa": "PBXBuildFile"
		},
		"{8B980252-97BD-4012-BC71-E146B8D18A02}": {
			"children": [
				"{FBCCBF21-C5E8-472F-BA0C-189766F1F37F}"
			],
			"isa": "PBXGroup",
			"name": "ofxSyphon",
			"sourceTree": "SOURCE_ROOT"
		},
		"{8BD246ED-CF17-4D6B-9029-736251CC5DF5}": {
			"explicitFileType": "sourcecode.c.h",
			"fileEncoding": "4",
			"isa": "PBXFileReference",
			"name": "ofxPGMidiSourceDelegate.h",
			"path": "builder/ofxMidi/src/ios/ofxPGMidiSourceDelegate.h",
			"sourceTree": "SOURCE_ROOT"
		},
		"{96C85FE2-008B-4755-A193-FB0C63D1FA1C}": {
			"explicitFileType": "sourcecode.c.h",
			"fileEncoding": "4",
			"isa": "PBXFileReference",
			"name": "ofxPGMidiContext.h",
			"path": "builder/ofxMidi/src/ios/ofxPGMidiContext.h",
			"sourceTree": "SOURCE_ROOT"
		},
		"{9B7CFED8-7D3C-4CDF-9C98-678CB95B9C8F}": {
			"children": [
				"{ACDA95A8-BC5F-44D4-958F-7BEC5DC2F616}",
				"{1378FB6B-FB8B-4BE9-95BB-AC995DEEAC90}",
				"{C49F4158-A4A0-4440-8804-794821C0D806}",
				"{BF117CA0-B109-4D0A-8079-2A5A19EF2A31}",
				"{72686C90-A4F3-4745-8117-EAAB8AB51279}",
				"{43CB2644-75A9-479D-8D8D-CE61CDF0E298}",
				"{C7626FC1-5762-445E-A560-6E6A76C3F739}",
				"{2A999EE0-2C94-447C-8FE0-AA085748E58F}",
				"{0B276CCC-CB5A-4A2B-93EC-7A537FE4C80E}",
				"{CA2771A6-A6AA-4890-8CE1-91B45F123284}",
				"{59ACC4EE-99D5-43B4-8228-9E51C431A578}",
				"{A37B012C-956E-4FB0-81CA-E840B2623601}",
				"{24E4895D-045D-43BF-86D5-7E5719D1B1DF}",
				"{5AB87691-4C65-4BF3-938B-E501BA1884B7}",
				"{F45C483F-2607-40A0-89A6-E014C3760E7B}",
				"{A9288E4E-B2A2-4368-B4E2-037B6FF311D8}",
				"{E58C63EF-8908-407E-980C-B2207BE97DCF}"
			],
			"isa": "PBXGroup",
			"name": "src",
			"path": "/Volumes/tool/ofw/Users/z/src/ofproj/builder/ofxMidi/src",
			"sourceTree": "SOURCE_ROOT"
		},
		"{9D94CD8A-01C0-4742-9FE3-9F3DA1F57669}": {
			"explicitFileType": "sourcecode.c.h",
			"fileEncoding": "4",
			"isa": "PBXFileReference",
			"name": "PGMidiAllSources.h",
			"path": "builder/ofxMidi/libs/pgmidi/PGMidiAllSources.h",
			"sourceTree": "SOURCE_ROOT"
		},
		"{9DEBE5D5-08F4-48F4-BA85-8F476E712683}": {
			"explicitFileType": "sourcecode.c.h",
			"fileEncoding": "4",
			"isa": "PBXFileReference",
			"name": "iOSVersionDetection.h",
			"path": "builder/ofxMidi/libs/pgmidi/iOSVersionDetection.h",
			"sourceTree": "SOURCE_ROOT"
		},
		"{A37B012C-956E-4FB0-81CA-E840B2623601}": {
			"explicitFileType": "sourcecode.c.h",
			"fileEncoding": "4",
			"isa": "PBXFileReference",
			"name": "ofxMidiMessage.h",
			"path": "builder/ofxMidi/src/ofxMidiMessage.h",
			"sourceTree": "SOURCE_ROOT"
		},
		"{A9288E4E-B2A2-4368-B4E2-037B6FF311D8}": {
			"explicitFileType": "sourcecode.c.h",
			"fileEncoding": "4",
			"isa": "PBXFileReference",
			"name": "ofxMidiTimecode.h",
			"path": "builder/ofxMidi/src/ofxMidiTimecode.h",
			"sourceTree": "SOURCE_ROOT"
		},
		"{A95A5ADE-41B1-4EC5-B541-3814E560A7B5}": {
			"fileRef": "{0B276CCC-CB5A-4A2B-93EC-7A537FE4C80E}",
			"isa": "PBXBuildFile"
		},
		"{ACDA95A8-BC5F-44D4-958F-7BEC5DC2F616}": {
			"children": [
				"{96C85FE2-008B-4755-A193-FB0C63D1FA1C}",
				"{F2C06325-369D-41F5-977D-E899BA122F3F}",
				"{EEF14C17-06AB-4069-B66D-A1A88500316E}",
				"{C18A42BA-7950-4029-92AB-39FAFE267491}",
				"{8587D6B1-292E-4971-ACF9-013329EE05A5}",
				"{402DDF55-951E-412C-9448-53F41BCA0790}",
				"{55AC1FFF-BC06-4B7E-9CFE-489ADD51FE41}",
				"{B5E14FDF-D914-429F-A498-B3BD70549383}",
				"{8BD246ED-CF17-4D6B-9029-736251CC5DF5}",
				"{1E751011-E2F9-4942-983B-B87D5BA0FD78}"
			],
			"isa": "PBXGroup",
			"name": "ios",
			"path": "/Volumes/tool/ofw/Users/z/src/ofproj/builder/ofxMidi/src/ios",
			"sourceTree": "SOURCE_ROOT"
		},
		"{ADEF5892-9ED1-4B69-94BA-30BD3CE8812C}": {
			"fileRef": "{BF117CA0-B109-4D0A-8079-2A5A19EF2A31}",
			"isa": "PBXBuildFile"
		},
		"{B1A1E586-0F99-4CC8-A5BD-FD3163BDBC8A}": {
			"fileRef": "{402DDF55-951E-412C-9448-53F41BCA0790}",
			"isa": "PBXBuildFile"
		},
		"{B5E14FDF-D914-429F-A498-B3BD70549383}": {
			"explicitFileType": "sourcecode.cpp.objcpp",
			"fileEncoding": "4",
			"isa": "PBXFileReference",
			"name": "ofxPGMidiOut.mm",
			"path": "builder/ofxMidi/src/ios/ofxPGMidiOut.mm",
			"sourceTree": "SOURCE_ROOT"
		},
		"{B6499216-3446-4770-A6F2-90C924768A76}": {
			"fileRef": "{34A5CC73-89E7-47A7-9E8B-7206390291EC}",
			"isa": "PBXBuildFile"
		},
		"{B6FE5834-B6D3-494F-BCDB-C61524A641FE}": {
			"children": [
				"{83DA9C5C-9DA0-48D0-8343-FC9C10AE3ADE}"
			],
			"isa": "PBXGroup",
			"name": "lib",
			"sourceTree": "SOURCE_ROOT"
		},
		"{B7F180BA-12E4-4C60-900E-7DD2106146EA}": {
			"explicitFileType": "sourcecode.c.h",
			"fileEncoding": "4",
			"isa": "PBXFileReference",
			"name": "ofxMicroUIShortcut.h",
			"path": "../../../../Volumes/tool/ofw/addons/ofxMicroUI/src/ofxMicroUIShortcut.h",
			"sourceTree": "SOURCE_ROOT"
		},
		"{BF117CA0-B109-4D0A-8079-2A5A19EF2A31}": {
			"explicitFileType": "sourcecode.cpp.cpp",
			"fileEncoding": "4",
			"isa": "PBXFileReference",
			"name": "ofxMidi.cpp",
			"path": "builder/ofxMidi/src/ofxMidi.cpp",
			"sourceTree": "SOURCE_ROOT"
		},
		"{C18A42BA-7950-4029-92AB-39FAFE267491}": {
			"explicitFileType": "sourcecode.cpp.objcpp",
			"fileEncoding": "4",
			"isa": "PBXFileReference",
			"name": "ofxPGMidiDelegate.mm",
			"path": "builder/ofxMidi/src/ios/ofxPGMidiDelegate.mm",
			"sourceTree": "SOURCE_ROOT"
		},
		"{C49F4158-A4A0-4440-8804-794821C0D806}": {
			"explicitFileType": "sourcecode.c.h",
			"fileEncoding": "4",
			"isa": "PBXFileReference",
			"name": "ofxBaseMidi.h",
			"path": "builder/ofxMidi/src/ofxBaseMidi.h",
			"sourceTree": "SOURCE_ROOT"
		},
		"{C4DEB783-F6FB-4F52-841E-E48E3581E4F5}": {
			"explicitFileType": "sourcecode.c.h",
			"fileEncoding": "4",
			"isa": "PBXFileReference",
			"name": "ofxMicroUITools.h",
			"path": "../../../../Volumes/tool/ofw/addons/ofxMicroUI/src/ofxMicroUITools.h",
			"sourceTree": "SOURCE_ROOT"
		},
		"{C7626FC1-5762-445E-A560-6E6A76C3F739}": {
			"explicitFileType": "sourcecode.c.h",
			"fileEncoding": "4",
			"isa": "PBXFileReference",
			"name": "ofxMidiClock.h",
			"path": "builder/ofxMidi/src/ofxMidiClock.h",
			"sourceTree": "SOURCE_ROOT"
		},
		"{C8CB9C05-E7FF-4405-9728-91D8DFC6DAEA}": {
			"explicitFileType": "sourcecode.cpp.cpp",
			"fileEncoding": "4",
			"isa": "PBXFileReference",
			"name": "ofxMicroUI.cpp",
			"path": "../../../../Volumes/tool/ofw/addons/ofxMicroUI/src/ofxMicroUI.cpp",
			"sourceTree": "SOURCE_ROOT"
		},
		"{CA2771A6-A6AA-4890-8CE1-91B45F123284}": {
			"explicitFileType": "sourcecode.c.h",
			"fileEncoding": "4",
			"isa": "PBXFileReference",
			"name": "ofxMidiIn.h",
			"path": "builder/ofxMidi/src/ofxMidiIn.h",
			"sourceTree": "SOURCE_ROOT"
		},
		"{CA8E4E88-D3E3-4504-85B8-28085D30DBBA}": {
			"children": [
				"{0CD0551E-1DD9-48A7-A57E-DFE0792643EE}"
			],
			"isa": "PBXGroup",
			"name": "ofxMidi",
			"sourceTree": "SOURCE_ROOT"
		},
		"{CF51EE0D-C68A-4DA4-8D10-D376E50AEE52}": {
			"fileRef": "{DC590417-1735-4259-8ABC-3E94CFD32504}",
			"isa": "PBXBuildFile"
		},
		"{CF61F712-5BDE-4187-8161-8784C52B8070}": {
			"children": [
				"{4E46DA3D-3154-4FB2-B460-AFC5E0E66232}",
				"{6FBFD260-29B9-467B-B975-2132F863DC91}",
				"{DC590417-1735-4259-8ABC-3E94CFD32504}",
				"{9D94CD8A-01C0-4742-9FE3-9F3DA1F57669}",
				"{597E07C8-197D-4B88-A04E-2AA8DCE84B03}",
				"{846153A0-DE21-4BF3-AE6A-0960CACD15AF}",
				"{0BC96878-9FC9-47DB-A6EC-0AFFCE9630B7}",
				"{9DEBE5D5-08F4-48F4-BA85-8F476E712683}"
			],
			"isa": "PBXGroup",
			"name": "pgmidi",
			"path": "/Volumes/tool/ofw/Users/z/src/ofproj/builder/ofxMidi/libs/pgmidi",
			"sourceTree": "SOURCE_ROOT"
		},
		"{D8293F14-5F61-4ABC-82E7-5DF5447F2245}": {
			"explicitFileType": "sourcecode.c.h",
			"fileEncoding": "4",
			"isa": "PBXFileReference",
			"name": "ofxMicroUIParseText.h",
			"path": "../../../../Volumes/tool/ofw/addons/ofxMicroUI/src/ofxMicroUIParseText.h",
			"sourceTree": "SOURCE_ROOT"
		},
		"{D98943EF-8AB5-4AE7-918B-246AB2BA8F6A}": {
			"children": [
				"{26EBAD27-B234-4B7E-8A39-BCCAE0ED9D17}",
				"{11BB41FF-B97D-4F36-B4AF-11AED19C736D}"
			],
			"isa": "PBXGroup",
			"name": "builder",
			"path": "/Volumes/tool/ofw/Users/z/src/ofproj/builder",
			"sourceTree": "SOURCE_ROOT"
		},
		"{DC590417-1735-4259-8ABC-3E94CFD32504}": {
			"explicitFileType": "sourcecode.cpp.objcpp",
			"fileEncoding": "4",
			"isa": "PBXFileReference",
			"name": "PGMidi.mm",
			"path": "builder/ofxMidi/libs/pgmidi/PGMidi.mm",
			"sourceTree": "SOURCE_ROOT"
		},
		"{DCD78DC7-E4AC-4F29-8DC1-4619C0D75314}": {
			"children": [
				"{B6FE5834-B6D3-494F-BCDB-C61524A641FE}"
			],
			"isa": "PBXGroup",
			"name": "Syphon",
			"sourceTree": "SOURCE_ROOT"
		},
		"{E1EDD8A8-930B-427B-AF30-0202D8E98BEF}": {
			"fileRef": "{F45C483F-2607-40A0-89A6-E014C3760E7B}",
			"isa": "PBXBuildFile"
		},
		"{E359EB75-57D6-415B-A58D-5E70377277DF}": {
			"fileRef": "{872DB04A-4A04-423C-9843-9657E2ACDF8F}",
			"isa": "PBXBuildFile"
		},
		"{E3B8375C-1C6E-41B6-ACB2-20DFC94C858B}": {
			"children": [
				"{68AFF66D-09A8-47DA-AADA-D9A70F084094}",
				"{165138C5-45E4-41BE-AFD7-A99770B5EC32}",
				"{C8CB9C05-E7FF-4405-9728-91D8DFC6DAEA}",
				"{16DF3D39-3E76-4541-8772-3E6FB1B443F1}",
				"{4F8A84A9-5350-42D0-80F7-5E4AF85B6740}",
				"{15B7C4ED-97B6-40A6-81A1-8CF27C26CCAE}",
				"{81791C3D-27D9-41ED-996F-A7901F2E5ABA}",
				"{D8293F14-5F61-4ABC-82E7-5DF5447F2245}",
				"{8935005F-D46B-4937-8653-E90AC5BAFE83}",
				"{35B3A38F-0207-4BD1-A403-C900183375E2}",
				"{B7F180BA-12E4-4C60-900E-7DD2106146EA}",
				"{34A5CC73-89E7-47A7-9E8B-7206390291EC}",
				"{708E0B77-C3BA-41B7-A4C6-6B825A60D260}",
				"{C4DEB783-F6FB-4F52-841E-E48E3581E4F5}",
				"{130E17E4-E5D1-4D7F-8EF1-0CB2D49C35CE}"
			],
			"isa": "PBXGroup",
			"name": "src",
			"path": "/Volumes/tool/ofw/addons/ofxMicroUI/src",
			"sourceTree": "SOURCE_ROOT"
		},
		"{E3C4C47B-E142-4F26-A9B2-44FEA0D919F4}": {
			"fileRef": "{43CB2644-75A9-479D-8D8D-CE61CDF0E298}",
			"isa": "PBXBuildFile"
		},
		"{E58C63EF-8908-407E-980C-B2207BE97DCF}": {
			"explicitFileType": "sourcecode.c.h",
			"fileEncoding": "4",
			"isa": "PBXFileReference",
			"name": "ofxMidiTypes.h",
			"path": "builder/ofxMidi/src/ofxMidiTypes.h",
			"sourceTree": "SOURCE_ROOT"
		},
		"{EEF14C17-06AB-4069-B66D-A1A88500316E}": {
			"explicitFileType": "sourcecode.c.h",
			"fileEncoding": "4",
			"isa": "PBXFileReference",
			"name": "ofxPGMidiDelegate.h",
			"path": "builder/ofxMidi/src/ios/ofxPGMidiDelegate.h",
			"sourceTree": "SOURCE_ROOT"
		},
		"{EF4534E9-BE27-4C26-BE92-FBE066B6A307}": {
			"fileRef": "{0BC96878-9FC9-47DB-A6EC-0AFFCE9630B7}",
			"isa": "PBXBuildFile"
		},
		"{F2C06325-369D-41F5-977D-E899BA122F3F}": {
			"explicitFileType": "sourcecode.cpp.objcpp",
			"fileEncoding": "4",
			"isa": "PBXFileReference",
			"name": "ofxPGMidiContext.mm",
			"path": "builder/ofxMidi/src/ios/ofxPGMidiContext.mm",
			"sourceTree": "SOURCE_ROOT"
		},
		"{F45C483F-2607-40A0-89A6-E014C3760E7B}": {
			"explicitFileType": "sourcecode.cpp.cpp",
			"fileEncoding": "4",
			"isa": "PBXFileReference",
			"name": "ofxMidiTimecode.cpp",
			"path": "builder/ofxMidi/src/ofxMidiTimecode.cpp",
			"sourceTree": "SOURCE_ROOT"
		},
		"{FBCCBF21-C5E8-472F-BA0C-189766F1F37F}": {
			"children": [
				"{DCD78DC7-E4AC-4F29-8DC1-4619C0D75314}"
			],
			"isa": "PBXGroup",
			"name": "libs",
			"sourceTree": "SOURCE_ROOT"
		}
	},
	"rootObject": "29B97313FDCFA39411CA2CEA"
}